
Microsoft Visual Studio Solution File, Format Version 12.00
# Visual Studio Version 17
VisualStudioVersion = 17.10.34928.147
MinimumVisualStudioVersion = 10.0.40219.1
Project("{FAE04EC0-301F-11D3-BF4B-00C04F79EFBC}") = "SimpleNotes", "SimpleNotes\SimpleNotes.csproj", "{511E55F6-7468-47A2-BA59-8F3F11C9586B}"
EndProject
Global
	GlobalSection(SolutionConfigurationPlatforms) = preSolution
		Debug|Any CPU = Debug|Any CPU
		Release|Any CPU = Release|Any CPU
	EndGlobalSection
	GlobalSection(ProjectConfigurationPlatforms) = postSolution
		{511E55F6-7468-47A2-BA59-8F3F11C9586B}.Debug|Any CPU.ActiveCfg = Debug|Any CPU
		{511E55F6-7468-47A2-BA59-8F3F11C9586B}.Debug|Any CPU.Build.0 = Debug|Any CPU
		{511E55F6-7468-47A2-BA59-8F3F11C9586B}.Release|Any CPU.ActiveCfg = Release|Any CPU
		{511E55F6-7468-47A2-BA59-8F3F11C9586B}.Release|Any CPU.Build.0 = Release|Any CPU
	EndGlobalSection
	GlobalSection(SolutionProperties) = preSolution
		HideSolutionNode = FALSE
	EndGlobalSection
	GlobalSection(ExtensibilityGlobals) = postSolution
		SolutionGuid = {E6FD422F-D271-4506-B1A3-4CFF8BEE9C74}
	EndGlobalSection
EndGlobal
