
Microsoft Visual Studio Solution File, Format Version 12.00
# Visual Studio Version 17
VisualStudioVersion = 17.10.34928.147
MinimumVisualStudioVersion = 10.0.40219.1
Project("{9A19103F-16F7-4668-BE54-9A1E7A4F7556}") = "SystemObslugiBiblioteki", "SystemObslugiBiblioteki\SystemObslugiBiblioteki.csproj", "{B058020C-7D56-4308-B88F-893E4D279005}"
EndProject
Project("{9A19103F-16F7-4668-BE54-9A1E7A4F7556}") = "SystemObslugiBiblioteki.Desktop", "SystemObslugiBiblioteki.Desktop\SystemObslugiBiblioteki.Desktop.csproj", "{545400C0-A0D0-411C-BBD8-2BFAEFA4D6C9}"
EndProject
Global
	GlobalSection(SolutionConfigurationPlatforms) = preSolution
		Debug|Any CPU = Debug|Any CPU
		Release|Any CPU = Release|Any CPU
	EndGlobalSection
	GlobalSection(ProjectConfigurationPlatforms) = postSolution
		{B058020C-7D56-4308-B88F-893E4D279005}.Debug|Any CPU.ActiveCfg = Debug|Any CPU
		{B058020C-7D56-4308-B88F-893E4D279005}.Debug|Any CPU.Build.0 = Debug|Any CPU
		{B058020C-7D56-4308-B88F-893E4D279005}.Release|Any CPU.ActiveCfg = Release|Any CPU
		{B058020C-7D56-4308-B88F-893E4D279005}.Release|Any CPU.Build.0 = Release|Any CPU
		{545400C0-A0D0-411C-BBD8-2BFAEFA4D6C9}.Debug|Any CPU.ActiveCfg = Debug|Any CPU
		{545400C0-A0D0-411C-BBD8-2BFAEFA4D6C9}.Debug|Any CPU.Build.0 = Debug|Any CPU
		{545400C0-A0D0-411C-BBD8-2BFAEFA4D6C9}.Release|Any CPU.ActiveCfg = Release|Any CPU
		{545400C0-A0D0-411C-BBD8-2BFAEFA4D6C9}.Release|Any CPU.Build.0 = Release|Any CPU
	EndGlobalSection
	GlobalSection(SolutionProperties) = preSolution
		HideSolutionNode = FALSE
	EndGlobalSection
	GlobalSection(ExtensibilityGlobals) = postSolution
		SolutionGuid = {9D73DBE2-85C7-4860-95DF-3A63E6C55F0E}
	EndGlobalSection
EndGlobal
